// !$*UTF8*$!
{
	archiveVersion = 1;
	classes = {
	};
	objectVersion = 46;
	objects = {

/* Begin PBXBuildFile section */
		612F81881D6C37AC00AA829F /* HomePageViewModel.m in Sources */ = {isa = PBXBuildFile; fileRef = 612F81871D6C37AC00AA829F /* HomePageViewModel.m */; };
		612F818B1D6C381200AA829F /* BaseViewModel.m in Sources */ = {isa = PBXBuildFile; fileRef = 612F818A1D6C381200AA829F /* BaseViewModel.m */; };
		612F818E1D6D323D00AA829F /* TitleView.m in Sources */ = {isa = PBXBuildFile; fileRef = 612F818D1D6D323D00AA829F /* TitleView.m */; };
		613AB5A61D6EE55300A43568 /* DetailViewController.m in Sources */ = {isa = PBXBuildFile; fileRef = 613AB5A51D6EE55300A43568 /* DetailViewController.m */; };
		6155A8371D6FD20000E9E5D0 /* PicView.m in Sources */ = {isa = PBXBuildFile; fileRef = 6155A8361D6FD20000E9E5D0 /* PicView.m */; };
		6155A83A1D6FD4A000E9E5D0 /* AlbumHeaderView.m in Sources */ = {isa = PBXBuildFile; fileRef = 6155A8391D6FD4A000E9E5D0 /* AlbumHeaderView.m */; };
		6155A83D1D6FD59800E9E5D0 /* DescribleView.m in Sources */ = {isa = PBXBuildFile; fileRef = 6155A83C1D6FD59800E9E5D0 /* DescribleView.m */; };
		6155A8401D6FD5B000E9E5D0 /* IconNameView.m in Sources */ = {isa = PBXBuildFile; fileRef = 6155A83F1D6FD5B000E9E5D0 /* IconNameView.m */; };
		6155A8431D6FE86500E9E5D0 /* MusicDetailCell.m in Sources */ = {isa = PBXBuildFile; fileRef = 6155A8421D6FE86500E9E5D0 /* MusicDetailCell.m */; };
		617E62381D6D40C50036FBFC /* FindPutCell.m in Sources */ = {isa = PBXBuildFile; fileRef = 617E62371D6D40C50036FBFC /* FindPutCell.m */; };
		617E623B1D6D40D40036FBFC /* DiscoveryCell.m in Sources */ = {isa = PBXBuildFile; fileRef = 617E623A1D6D40D40036FBFC /* DiscoveryCell.m */; };
		617E623E1D6D40E10036FBFC /* SpecialCell.m in Sources */ = {isa = PBXBuildFile; fileRef = 617E623D1D6D40E10036FBFC /* SpecialCell.m */; };
		617E62411D6D40FB0036FBFC /* ContentShowView.m in Sources */ = {isa = PBXBuildFile; fileRef = 617E62401D6D40FB0036FBFC /* ContentShowView.m */; };
		617E62441D6D4BB20036FBFC /* FocusImageScrollView.m in Sources */ = {isa = PBXBuildFile; fileRef = 617E62431D6D4BB20036FBFC /* FocusImageScrollView.m */; };
		617E62471D6D75290036FBFC /* MBProgressHUD+YW.m in Sources */ = {isa = PBXBuildFile; fileRef = 617E62461D6D75290036FBFC /* MBProgressHUD+YW.m */; };
		6187695C1D6595640018B807 /* YWMeViewController.m in Sources */ = {isa = PBXBuildFile; fileRef = 6187695B1D6595640018B807 /* YWMeViewController.m */; };
		6187695F1D6595860018B807 /* SettingViewController.m in Sources */ = {isa = PBXBuildFile; fileRef = 6187695E1D6595860018B807 /* SettingViewController.m */; };
		618769621D6596340018B807 /* AttentionViewController.m in Sources */ = {isa = PBXBuildFile; fileRef = 618769611D6596340018B807 /* AttentionViewController.m */; };
		618769651D65964A0018B807 /* HistoryViewController.m in Sources */ = {isa = PBXBuildFile; fileRef = 618769641D65964A0018B807 /* HistoryViewController.m */; };
		618769681D6596700018B807 /* YWSoundViewController.m in Sources */ = {isa = PBXBuildFile; fileRef = 618769671D6596700018B807 /* YWSoundViewController.m */; };
		6187696B1D6596A00018B807 /* YWDownloadViewController.m in Sources */ = {isa = PBXBuildFile; fileRef = 6187696A1D6596A00018B807 /* YWDownloadViewController.m */; };
		6187696E1D6596B70018B807 /* AlbumViewController.m in Sources */ = {isa = PBXBuildFile; fileRef = 6187696D1D6596B70018B807 /* AlbumViewController.m */; };
		618769711D6596C90018B807 /* DownloadViewController.m in Sources */ = {isa = PBXBuildFile; fileRef = 618769701D6596C90018B807 /* DownloadViewController.m */; };
		618769741D65A0060018B807 /* YWFindViewController.m in Sources */ = {isa = PBXBuildFile; fileRef = 618769731D65A0060018B807 /* YWFindViewController.m */; };
		618769771D65A01B0018B807 /* HomePageViewController.m in Sources */ = {isa = PBXBuildFile; fileRef = 618769761D65A01B0018B807 /* HomePageViewController.m */; };
		6187697A1D65A0280018B807 /* CategoryViewController.m in Sources */ = {isa = PBXBuildFile; fileRef = 618769791D65A0280018B807 /* CategoryViewController.m */; };
		6187697D1D65A0360018B807 /* LiveViewController.m in Sources */ = {isa = PBXBuildFile; fileRef = 6187697C1D65A0360018B807 /* LiveViewController.m */; };
		618769801D65A0430018B807 /* RankingViewController.m in Sources */ = {isa = PBXBuildFile; fileRef = 6187697F1D65A0430018B807 /* RankingViewController.m */; };
		618769831D65A0500018B807 /* AnchorViewController.m in Sources */ = {isa = PBXBuildFile; fileRef = 618769821D65A0500018B807 /* AnchorViewController.m */; };
		618769861D65A2000018B807 /* YWNavigationController.m in Sources */ = {isa = PBXBuildFile; fileRef = 618769851D65A2000018B807 /* YWNavigationController.m */; };
		618769891D65A2300018B807 /* YWTabBarController.m in Sources */ = {isa = PBXBuildFile; fileRef = 618769881D65A2300018B807 /* YWTabBarController.m */; };
		61884EA01D6A9767003371A0 /* MeSetting.storyboard in Resources */ = {isa = PBXBuildFile; fileRef = 61884E9F1D6A9767003371A0 /* MeSetting.storyboard */; };
		61884EA31D6ADDBC003371A0 /* BaseNetManager.m in Sources */ = {isa = PBXBuildFile; fileRef = 61884EA21D6ADDBC003371A0 /* BaseNetManager.m */; };
		61884EA61D6AE2BA003371A0 /* HomePageNetManager.m in Sources */ = {isa = PBXBuildFile; fileRef = 61884EA51D6AE2BA003371A0 /* HomePageNetManager.m */; };
		61884EA91D6AE521003371A0 /* HomePageModel.m in Sources */ = {isa = PBXBuildFile; fileRef = 61884EA81D6AE521003371A0 /* HomePageModel.m */; };
		61884EAC1D6AF340003371A0 /* BaseModel.m in Sources */ = {isa = PBXBuildFile; fileRef = 61884EAB1D6AF340003371A0 /* BaseModel.m */; };
		61C317161D6D38BE009FBBA7 /* MoreButton.m in Sources */ = {isa = PBXBuildFile; fileRef = 61C317151D6D38BE009FBBA7 /* MoreButton.m */; };
		61C610441D658C2B00219E61 /* main.m in Sources */ = {isa = PBXBuildFile; fileRef = 61C610431D658C2B00219E61 /* main.m */; };
		61C610471D658C2B00219E61 /* AppDelegate.m in Sources */ = {isa = PBXBuildFile; fileRef = 61C610461D658C2B00219E61 /* AppDelegate.m */; };
		61C6104F1D658C2B00219E61 /* Assets.xcassets in Resources */ = {isa = PBXBuildFile; fileRef = 61C6104E1D658C2B00219E61 /* Assets.xcassets */; };
		61C610521D658C2B00219E61 /* LaunchScreen.storyboard in Resources */ = {isa = PBXBuildFile; fileRef = 61C610501D658C2B00219E61 /* LaunchScreen.storyboard */; };
		61C6105D1D658C2C00219E61 /* YWXiMaLaYaTests.m in Sources */ = {isa = PBXBuildFile; fileRef = 61C6105C1D658C2C00219E61 /* YWXiMaLaYaTests.m */; };
		61C610681D658C2C00219E61 /* YWXiMaLaYaUITests.m in Sources */ = {isa = PBXBuildFile; fileRef = 61C610671D658C2C00219E61 /* YWXiMaLaYaUITests.m */; };
		99962FEB87BAE902E666C288 /* libPods-YWXiMaLaYa.a in Frameworks */ = {isa = PBXBuildFile; fileRef = 668271AD467F1D37F7338E88 /* libPods-YWXiMaLaYa.a */; };
/* End PBXBuildFile section */

/* Begin PBXContainerItemProxy section */
		61C610591D658C2C00219E61 /* PBXContainerItemProxy */ = {
			isa = PBXContainerItemProxy;
			containerPortal = 61C610371D658C2B00219E61 /* Project object */;
			proxyType = 1;
			remoteGlobalIDString = 61C6103E1D658C2B00219E61;
			remoteInfo = YWXiMaLaYa;
		};
		61C610641D658C2C00219E61 /* PBXContainerItemProxy */ = {
			isa = PBXContainerItemProxy;
			containerPortal = 61C610371D658C2B00219E61 /* Project object */;
			proxyType = 1;
			remoteGlobalIDString = 61C6103E1D658C2B00219E61;
			remoteInfo = YWXiMaLaYa;
		};
/* End PBXContainerItemProxy section */

/* Begin PBXFileReference section */
		184A66268665E443784E8BF8 /* Pods-YWXiMaLaYa.release.xcconfig */ = {isa = PBXFileReference; includeInIndex = 1; lastKnownFileType = text.xcconfig; name = "Pods-YWXiMaLaYa.release.xcconfig"; path = "Pods/Target Support Files/Pods-YWXiMaLaYa/Pods-YWXiMaLaYa.release.xcconfig"; sourceTree = "<group>"; };
		5B2DDE3C71135161CD5CC3E9 /* Pods-YWXiMaLaYa.debug.xcconfig */ = {isa = PBXFileReference; includeInIndex = 1; lastKnownFileType = text.xcconfig; name = "Pods-YWXiMaLaYa.debug.xcconfig"; path = "Pods/Target Support Files/Pods-YWXiMaLaYa/Pods-YWXiMaLaYa.debug.xcconfig"; sourceTree = "<group>"; };
		612F81861D6C37AC00AA829F /* HomePageViewModel.h */ = {isa = PBXFileReference; fileEncoding = 4; lastKnownFileType = sourcecode.c.h; path = HomePageViewModel.h; sourceTree = "<group>"; };
		612F81871D6C37AC00AA829F /* HomePageViewModel.m */ = {isa = PBXFileReference; fileEncoding = 4; lastKnownFileType = sourcecode.c.objc; path = HomePageViewModel.m; sourceTree = "<group>"; };
		612F81891D6C381200AA829F /* BaseViewModel.h */ = {isa = PBXFileReference; fileEncoding = 4; lastKnownFileType = sourcecode.c.h; path = BaseViewModel.h; sourceTree = "<group>"; };
		612F818A1D6C381200AA829F /* BaseViewModel.m */ = {isa = PBXFileReference; fileEncoding = 4; lastKnownFileType = sourcecode.c.objc; path = BaseViewModel.m; sourceTree = "<group>"; };
		612F818C1D6D323D00AA829F /* TitleView.h */ = {isa = PBXFileReference; fileEncoding = 4; lastKnownFileType = sourcecode.c.h; path = TitleView.h; sourceTree = "<group>"; };
		612F818D1D6D323D00AA829F /* TitleView.m */ = {isa = PBXFileReference; fileEncoding = 4; lastKnownFileType = sourcecode.c.objc; path = TitleView.m; sourceTree = "<group>"; };
		613AB5A41D6EE55300A43568 /* DetailViewController.h */ = {isa = PBXFileReference; fileEncoding = 4; lastKnownFileType = sourcecode.c.h; path = DetailViewController.h; sourceTree = "<group>"; };
		613AB5A51D6EE55300A43568 /* DetailViewController.m */ = {isa = PBXFileReference; fileEncoding = 4; lastKnownFileType = sourcecode.c.objc; path = DetailViewController.m; sourceTree = "<group>"; };
		6155A8351D6FD20000E9E5D0 /* PicView.h */ = {isa = PBXFileReference; fileEncoding = 4; lastKnownFileType = sourcecode.c.h; path = PicView.h; sourceTree = "<group>"; };
		6155A8361D6FD20000E9E5D0 /* PicView.m */ = {isa = PBXFileReference; fileEncoding = 4; lastKnownFileType = sourcecode.c.objc; path = PicView.m; sourceTree = "<group>"; };
		6155A8381D6FD4A000E9E5D0 /* AlbumHeaderView.h */ = {isa = PBXFileReference; fileEncoding = 4; lastKnownFileType = sourcecode.c.h; path = AlbumHeaderView.h; sourceTree = "<group>"; };
		6155A8391D6FD4A000E9E5D0 /* AlbumHeaderView.m */ = {isa = PBXFileReference; fileEncoding = 4; lastKnownFileType = sourcecode.c.objc; path = AlbumHeaderView.m; sourceTree = "<group>"; };
		6155A83B1D6FD59800E9E5D0 /* DescribleView.h */ = {isa = PBXFileReference; fileEncoding = 4; lastKnownFileType = sourcecode.c.h; path = DescribleView.h; sourceTree = "<group>"; };
		6155A83C1D6FD59800E9E5D0 /* DescribleView.m */ = {isa = PBXFileReference; fileEncoding = 4; lastKnownFileType = sourcecode.c.objc; path = DescribleView.m; sourceTree = "<group>"; };
		6155A83E1D6FD5B000E9E5D0 /* IconNameView.h */ = {isa = PBXFileReference; fileEncoding = 4; lastKnownFileType = sourcecode.c.h; path = IconNameView.h; sourceTree = "<group>"; };
		6155A83F1D6FD5B000E9E5D0 /* IconNameView.m */ = {isa = PBXFileReference; fileEncoding = 4; lastKnownFileType = sourcecode.c.objc; path = IconNameView.m; sourceTree = "<group>"; };
		6155A8411D6FE86500E9E5D0 /* MusicDetailCell.h */ = {isa = PBXFileReference; fileEncoding = 4; lastKnownFileType = sourcecode.c.h; path = MusicDetailCell.h; sourceTree = "<group>"; };
		6155A8421D6FE86500E9E5D0 /* MusicDetailCell.m */ = {isa = PBXFileReference; fileEncoding = 4; lastKnownFileType = sourcecode.c.objc; path = MusicDetailCell.m; sourceTree = "<group>"; };
		617E62361D6D40C50036FBFC /* FindPutCell.h */ = {isa = PBXFileReference; fileEncoding = 4; lastKnownFileType = sourcecode.c.h; path = FindPutCell.h; sourceTree = "<group>"; };
		617E62371D6D40C50036FBFC /* FindPutCell.m */ = {isa = PBXFileReference; fileEncoding = 4; lastKnownFileType = sourcecode.c.objc; path = FindPutCell.m; sourceTree = "<group>"; };
		617E62391D6D40D40036FBFC /* DiscoveryCell.h */ = {isa = PBXFileReference; fileEncoding = 4; lastKnownFileType = sourcecode.c.h; path = DiscoveryCell.h; sourceTree = "<group>"; };
		617E623A1D6D40D40036FBFC /* DiscoveryCell.m */ = {isa = PBXFileReference; fileEncoding = 4; lastKnownFileType = sourcecode.c.objc; path = DiscoveryCell.m; sourceTree = "<group>"; };
		617E623C1D6D40E10036FBFC /* SpecialCell.h */ = {isa = PBXFileReference; fileEncoding = 4; lastKnownFileType = sourcecode.c.h; path = SpecialCell.h; sourceTree = "<group>"; };
		617E623D1D6D40E10036FBFC /* SpecialCell.m */ = {isa = PBXFileReference; fileEncoding = 4; lastKnownFileType = sourcecode.c.objc; path = SpecialCell.m; sourceTree = "<group>"; };
		617E623F1D6D40FB0036FBFC /* ContentShowView.h */ = {isa = PBXFileReference; fileEncoding = 4; lastKnownFileType = sourcecode.c.h; path = ContentShowView.h; sourceTree = "<group>"; };
		617E62401D6D40FB0036FBFC /* ContentShowView.m */ = {isa = PBXFileReference; fileEncoding = 4; lastKnownFileType = sourcecode.c.objc; path = ContentShowView.m; sourceTree = "<group>"; };
		617E62421D6D4BB20036FBFC /* FocusImageScrollView.h */ = {isa = PBXFileReference; fileEncoding = 4; lastKnownFileType = sourcecode.c.h; path = FocusImageScrollView.h; sourceTree = "<group>"; };
		617E62431D6D4BB20036FBFC /* FocusImageScrollView.m */ = {isa = PBXFileReference; fileEncoding = 4; lastKnownFileType = sourcecode.c.objc; path = FocusImageScrollView.m; sourceTree = "<group>"; };
		617E62451D6D75290036FBFC /* MBProgressHUD+YW.h */ = {isa = PBXFileReference; fileEncoding = 4; lastKnownFileType = sourcecode.c.h; path = "MBProgressHUD+YW.h"; sourceTree = "<group>"; };
		617E62461D6D75290036FBFC /* MBProgressHUD+YW.m */ = {isa = PBXFileReference; fileEncoding = 4; lastKnownFileType = sourcecode.c.objc; path = "MBProgressHUD+YW.m"; sourceTree = "<group>"; };
		618769591D65926A0018B807 /* PrefixHeader.pch */ = {isa = PBXFileReference; lastKnownFileType = sourcecode.c.h; path = PrefixHeader.pch; sourceTree = "<group>"; };
		6187695A1D6595640018B807 /* YWMeViewController.h */ = {isa = PBXFileReference; fileEncoding = 4; lastKnownFileType = sourcecode.c.h; path = YWMeViewController.h; sourceTree = "<group>"; };
		6187695B1D6595640018B807 /* YWMeViewController.m */ = {isa = PBXFileReference; fileEncoding = 4; lastKnownFileType = sourcecode.c.objc; path = YWMeViewController.m; sourceTree = "<group>"; };
		6187695D1D6595860018B807 /* SettingViewController.h */ = {isa = PBXFileReference; fileEncoding = 4; lastKnownFileType = sourcecode.c.h; path = SettingViewController.h; sourceTree = "<group>"; };
		6187695E1D6595860018B807 /* SettingViewController.m */ = {isa = PBXFileReference; fileEncoding = 4; lastKnownFileType = sourcecode.c.objc; path = SettingViewController.m; sourceTree = "<group>"; };
		618769601D6596340018B807 /* AttentionViewController.h */ = {isa = PBXFileReference; fileEncoding = 4; lastKnownFileType = sourcecode.c.h; path = AttentionViewController.h; sourceTree = "<group>"; };
		618769611D6596340018B807 /* AttentionViewController.m */ = {isa = PBXFileReference; fileEncoding = 4; lastKnownFileType = sourcecode.c.objc; path = AttentionViewController.m; sourceTree = "<group>"; };
		618769631D65964A0018B807 /* HistoryViewController.h */ = {isa = PBXFileReference; fileEncoding = 4; lastKnownFileType = sourcecode.c.h; path = HistoryViewController.h; sourceTree = "<group>"; };
		618769641D65964A0018B807 /* HistoryViewController.m */ = {isa = PBXFileReference; fileEncoding = 4; lastKnownFileType = sourcecode.c.objc; path = HistoryViewController.m; sourceTree = "<group>"; };
		618769661D6596700018B807 /* YWSoundViewController.h */ = {isa = PBXFileReference; fileEncoding = 4; lastKnownFileType = sourcecode.c.h; path = YWSoundViewController.h; sourceTree = "<group>"; };
		618769671D6596700018B807 /* YWSoundViewController.m */ = {isa = PBXFileReference; fileEncoding = 4; lastKnownFileType = sourcecode.c.objc; path = YWSoundViewController.m; sourceTree = "<group>"; };
		618769691D6596A00018B807 /* YWDownloadViewController.h */ = {isa = PBXFileReference; fileEncoding = 4; lastKnownFileType = sourcecode.c.h; path = YWDownloadViewController.h; sourceTree = "<group>"; };
		6187696A1D6596A00018B807 /* YWDownloadViewController.m */ = {isa = PBXFileReference; fileEncoding = 4; lastKnownFileType = sourcecode.c.objc; path = YWDownloadViewController.m; sourceTree = "<group>"; };
		6187696C1D6596B70018B807 /* AlbumViewController.h */ = {isa = PBXFileReference; fileEncoding = 4; lastKnownFileType = sourcecode.c.h; path = AlbumViewController.h; sourceTree = "<group>"; };
		6187696D1D6596B70018B807 /* AlbumViewController.m */ = {isa = PBXFileReference; fileEncoding = 4; lastKnownFileType = sourcecode.c.objc; path = AlbumViewController.m; sourceTree = "<group>"; };
		6187696F1D6596C90018B807 /* DownloadViewController.h */ = {isa = PBXFileReference; fileEncoding = 4; lastKnownFileType = sourcecode.c.h; path = DownloadViewController.h; sourceTree = "<group>"; };
		618769701D6596C90018B807 /* DownloadViewController.m */ = {isa = PBXFileReference; fileEncoding = 4; lastKnownFileType = sourcecode.c.objc; path = DownloadViewController.m; sourceTree = "<group>"; };
		618769721D65A0060018B807 /* YWFindViewController.h */ = {isa = PBXFileReference; fileEncoding = 4; lastKnownFileType = sourcecode.c.h; path = YWFindViewController.h; sourceTree = "<group>"; };
		618769731D65A0060018B807 /* YWFindViewController.m */ = {isa = PBXFileReference; fileEncoding = 4; lastKnownFileType = sourcecode.c.objc; path = YWFindViewController.m; sourceTree = "<group>"; };
		618769751D65A01B0018B807 /* HomePageViewController.h */ = {isa = PBXFileReference; fileEncoding = 4; lastKnownFileType = sourcecode.c.h; path = HomePageViewController.h; sourceTree = "<group>"; };
		618769761D65A01B0018B807 /* HomePageViewController.m */ = {isa = PBXFileReference; fileEncoding = 4; lastKnownFileType = sourcecode.c.objc; path = HomePageViewController.m; sourceTree = "<group>"; };
		618769781D65A0280018B807 /* CategoryViewController.h */ = {isa = PBXFileReference; fileEncoding = 4; lastKnownFileType = sourcecode.c.h; path = CategoryViewController.h; sourceTree = "<group>"; };
		618769791D65A0280018B807 /* CategoryViewController.m */ = {isa = PBXFileReference; fileEncoding = 4; lastKnownFileType = sourcecode.c.objc; path = CategoryViewController.m; sourceTree = "<group>"; };
		6187697B1D65A0360018B807 /* LiveViewController.h */ = {isa = PBXFileReference; fileEncoding = 4; lastKnownFileType = sourcecode.c.h; path = LiveViewController.h; sourceTree = "<group>"; };
		6187697C1D65A0360018B807 /* LiveViewController.m */ = {isa = PBXFileReference; fileEncoding = 4; lastKnownFileType = sourcecode.c.objc; path = LiveViewController.m; sourceTree = "<group>"; };
		6187697E1D65A0430018B807 /* RankingViewController.h */ = {isa = PBXFileReference; fileEncoding = 4; lastKnownFileType = sourcecode.c.h; path = RankingViewController.h; sourceTree = "<group>"; };
		6187697F1D65A0430018B807 /* RankingViewController.m */ = {isa = PBXFileReference; fileEncoding = 4; lastKnownFileType = sourcecode.c.objc; path = RankingViewController.m; sourceTree = "<group>"; };
		618769811D65A0500018B807 /* AnchorViewController.h */ = {isa = PBXFileReference; fileEncoding = 4; lastKnownFileType = sourcecode.c.h; path = AnchorViewController.h; sourceTree = "<group>"; };
		618769821D65A0500018B807 /* AnchorViewController.m */ = {isa = PBXFileReference; fileEncoding = 4; lastKnownFileType = sourcecode.c.objc; path = AnchorViewController.m; sourceTree = "<group>"; };
		618769841D65A2000018B807 /* YWNavigationController.h */ = {isa = PBXFileReference; fileEncoding = 4; lastKnownFileType = sourcecode.c.h; path = YWNavigationController.h; sourceTree = "<group>"; };
		618769851D65A2000018B807 /* YWNavigationController.m */ = {isa = PBXFileReference; fileEncoding = 4; lastKnownFileType = sourcecode.c.objc; path = YWNavigationController.m; sourceTree = "<group>"; };
		618769871D65A2300018B807 /* YWTabBarController.h */ = {isa = PBXFileReference; fileEncoding = 4; lastKnownFileType = sourcecode.c.h; path = YWTabBarController.h; sourceTree = "<group>"; };
		618769881D65A2300018B807 /* YWTabBarController.m */ = {isa = PBXFileReference; fileEncoding = 4; lastKnownFileType = sourcecode.c.objc; path = YWTabBarController.m; sourceTree = "<group>"; };
		61884E9F1D6A9767003371A0 /* MeSetting.storyboard */ = {isa = PBXFileReference; fileEncoding = 4; lastKnownFileType = file.storyboard; path = MeSetting.storyboard; sourceTree = "<group>"; };
		61884EA11D6ADDBC003371A0 /* BaseNetManager.h */ = {isa = PBXFileReference; fileEncoding = 4; lastKnownFileType = sourcecode.c.h; path = BaseNetManager.h; sourceTree = "<group>"; };
		61884EA21D6ADDBC003371A0 /* BaseNetManager.m */ = {isa = PBXFileReference; fileEncoding = 4; lastKnownFileType = sourcecode.c.objc; path = BaseNetManager.m; sourceTree = "<group>"; };
		61884EA41D6AE2BA003371A0 /* HomePageNetManager.h */ = {isa = PBXFileReference; fileEncoding = 4; lastKnownFileType = sourcecode.c.h; path = HomePageNetManager.h; sourceTree = "<group>"; };
		61884EA51D6AE2BA003371A0 /* HomePageNetManager.m */ = {isa = PBXFileReference; fileEncoding = 4; lastKnownFileType = sourcecode.c.objc; path = HomePageNetManager.m; sourceTree = "<group>"; };
		61884EA71D6AE521003371A0 /* HomePageModel.h */ = {isa = PBXFileReference; fileEncoding = 4; lastKnownFileType = sourcecode.c.h; path = HomePageModel.h; sourceTree = "<group>"; };
		61884EA81D6AE521003371A0 /* HomePageModel.m */ = {isa = PBXFileReference; fileEncoding = 4; lastKnownFileType = sourcecode.c.objc; path = HomePageModel.m; sourceTree = "<group>"; };
		61884EAA1D6AF340003371A0 /* BaseModel.h */ = {isa = PBXFileReference; fileEncoding = 4; lastKnownFileType = sourcecode.c.h; path = BaseModel.h; sourceTree = "<group>"; };
		61884EAB1D6AF340003371A0 /* BaseModel.m */ = {isa = PBXFileReference; fileEncoding = 4; lastKnownFileType = sourcecode.c.objc; path = BaseModel.m; sourceTree = "<group>"; };
		61C317141D6D38BE009FBBA7 /* MoreButton.h */ = {isa = PBXFileReference; fileEncoding = 4; lastKnownFileType = sourcecode.c.h; path = MoreButton.h; sourceTree = "<group>"; };
		61C317151D6D38BE009FBBA7 /* MoreButton.m */ = {isa = PBXFileReference; fileEncoding = 4; lastKnownFileType = sourcecode.c.objc; path = MoreButton.m; sourceTree = "<group>"; };
		61C6103F1D658C2B00219E61 /* YWXiMaLaYa.app */ = {isa = PBXFileReference; explicitFileType = wrapper.application; includeInIndex = 0; path = YWXiMaLaYa.app; sourceTree = BUILT_PRODUCTS_DIR; };
		61C610431D658C2B00219E61 /* main.m */ = {isa = PBXFileReference; lastKnownFileType = sourcecode.c.objc; path = main.m; sourceTree = "<group>"; };
		61C610451D658C2B00219E61 /* AppDelegate.h */ = {isa = PBXFileReference; lastKnownFileType = sourcecode.c.h; name = AppDelegate.h; path = ../AppDelegate.h; sourceTree = "<group>"; };
		61C610461D658C2B00219E61 /* AppDelegate.m */ = {isa = PBXFileReference; lastKnownFileType = sourcecode.c.objc; name = AppDelegate.m; path = ../AppDelegate.m; sourceTree = "<group>"; };
		61C6104E1D658C2B00219E61 /* Assets.xcassets */ = {isa = PBXFileReference; lastKnownFileType = folder.assetcatalog; path = Assets.xcassets; sourceTree = "<group>"; };
		61C610511D658C2B00219E61 /* Base */ = {isa = PBXFileReference; lastKnownFileType = file.storyboard; name = Base; path = Base.lproj/LaunchScreen.storyboard; sourceTree = "<group>"; };
		61C610531D658C2B00219E61 /* Info.plist */ = {isa = PBXFileReference; lastKnownFileType = text.plist.xml; path = Info.plist; sourceTree = "<group>"; };
		61C610581D658C2C00219E61 /* YWXiMaLaYaTests.xctest */ = {isa = PBXFileReference; explicitFileType = wrapper.cfbundle; includeInIndex = 0; path = YWXiMaLaYaTests.xctest; sourceTree = BUILT_PRODUCTS_DIR; };
		61C6105C1D658C2C00219E61 /* YWXiMaLaYaTests.m */ = {isa = PBXFileReference; lastKnownFileType = sourcecode.c.objc; path = YWXiMaLaYaTests.m; sourceTree = "<group>"; };
		61C6105E1D658C2C00219E61 /* Info.plist */ = {isa = PBXFileReference; lastKnownFileType = text.plist.xml; path = Info.plist; sourceTree = "<group>"; };
		61C610631D658C2C00219E61 /* YWXiMaLaYaUITests.xctest */ = {isa = PBXFileReference; explicitFileType = wrapper.cfbundle; includeInIndex = 0; path = YWXiMaLaYaUITests.xctest; sourceTree = BUILT_PRODUCTS_DIR; };
		61C610671D658C2C00219E61 /* YWXiMaLaYaUITests.m */ = {isa = PBXFileReference; lastKnownFileType = sourcecode.c.objc; path = YWXiMaLaYaUITests.m; sourceTree = "<group>"; };
		61C610691D658C2C00219E61 /* Info.plist */ = {isa = PBXFileReference; lastKnownFileType = text.plist.xml; path = Info.plist; sourceTree = "<group>"; };
		668271AD467F1D37F7338E88 /* libPods-YWXiMaLaYa.a */ = {isa = PBXFileReference; explicitFileType = archive.ar; includeInIndex = 0; path = "libPods-YWXiMaLaYa.a"; sourceTree = BUILT_PRODUCTS_DIR; };
/* End PBXFileReference section */

/* Begin PBXFrameworksBuildPhase section */
		61C6103C1D658C2B00219E61 /* Frameworks */ = {
			isa = PBXFrameworksBuildPhase;
			buildActionMask = 2147483647;
			files = (
				99962FEB87BAE902E666C288 /* libPods-YWXiMaLaYa.a in Frameworks */,
			);
			runOnlyForDeploymentPostprocessing = 0;
		};
		61C610551D658C2C00219E61 /* Frameworks */ = {
			isa = PBXFrameworksBuildPhase;
			buildActionMask = 2147483647;
			files = (
			);
			runOnlyForDeploymentPostprocessing = 0;
		};
		61C610601D658C2C00219E61 /* Frameworks */ = {
			isa = PBXFrameworksBuildPhase;
			buildActionMask = 2147483647;
			files = (
			);
			runOnlyForDeploymentPostprocessing = 0;
		};
/* End PBXFrameworksBuildPhase section */

/* Begin PBXGroup section */
		01CFF7DF2217846870B21554 /* Frameworks */ = {
			isa = PBXGroup;
			children = (
				668271AD467F1D37F7338E88 /* libPods-YWXiMaLaYa.a */,
			);
			name = Frameworks;
			sourceTree = "<group>";
		};
		617E62351D6D40910036FBFC /* Recommend */ = {
			isa = PBXGroup;
			children = (
				617E62361D6D40C50036FBFC /* FindPutCell.h */,
				617E62371D6D40C50036FBFC /* FindPutCell.m */,
				617E62391D6D40D40036FBFC /* DiscoveryCell.h */,
				617E623A1D6D40D40036FBFC /* DiscoveryCell.m */,
				617E623C1D6D40E10036FBFC /* SpecialCell.h */,
				617E623D1D6D40E10036FBFC /* SpecialCell.m */,
				617E623F1D6D40FB0036FBFC /* ContentShowView.h */,
				617E62401D6D40FB0036FBFC /* ContentShowView.m */,
			);
			name = Recommend;
			sourceTree = "<group>";
		};
		618769441D65922E0018B807 /* Class */ = {
			isa = PBXGroup;
			children = (
				61C610451D658C2B00219E61 /* AppDelegate.h */,
				61C610461D658C2B00219E61 /* AppDelegate.m */,
				6187694D1D65922E0018B807 /* PublicClass */,
				618769451D65922E0018B807 /* Found */,
				6187694B1D65922E0018B807 /* Me */,
				618769531D65922E0018B807 /* 下载听 */,
				618769551D65922E0018B807 /* 定制听 */,
			);
			path = Class;
			sourceTree = "<group>";
		};
		618769451D65922E0018B807 /* Found */ = {
			isa = PBXGroup;
			children = (
				618769461D65922E0018B807 /* Controller */,
				618769471D65922E0018B807 /* Model */,
				618769481D65922E0018B807 /* NetManager */,
				618769491D65922E0018B807 /* View */,
				6187694A1D65922E0018B807 /* ViewModel */,
			);
			path = Found;
			sourceTree = "<group>";
		};
		618769461D65922E0018B807 /* Controller */ = {
			isa = PBXGroup;
			children = (
				618769721D65A0060018B807 /* YWFindViewController.h */,
				618769731D65A0060018B807 /* YWFindViewController.m */,
				618769751D65A01B0018B807 /* HomePageViewController.h */,
				618769761D65A01B0018B807 /* HomePageViewController.m */,
				618769781D65A0280018B807 /* CategoryViewController.h */,
				618769791D65A0280018B807 /* CategoryViewController.m */,
				6187697B1D65A0360018B807 /* LiveViewController.h */,
				6187697C1D65A0360018B807 /* LiveViewController.m */,
				6187697E1D65A0430018B807 /* RankingViewController.h */,
				6187697F1D65A0430018B807 /* RankingViewController.m */,
				618769811D65A0500018B807 /* AnchorViewController.h */,
				618769821D65A0500018B807 /* AnchorViewController.m */,
			);
			path = Controller;
			sourceTree = "<group>";
		};
		618769471D65922E0018B807 /* Model */ = {
			isa = PBXGroup;
			children = (
				61884EA71D6AE521003371A0 /* HomePageModel.h */,
				61884EA81D6AE521003371A0 /* HomePageModel.m */,
			);
			path = Model;
			sourceTree = "<group>";
		};
		618769481D65922E0018B807 /* NetManager */ = {
			isa = PBXGroup;
			children = (
				61884EA41D6AE2BA003371A0 /* HomePageNetManager.h */,
				61884EA51D6AE2BA003371A0 /* HomePageNetManager.m */,
			);
			path = NetManager;
			sourceTree = "<group>";
		};
		618769491D65922E0018B807 /* View */ = {
			isa = PBXGroup;
			children = (
				617E62351D6D40910036FBFC /* Recommend */,
			);
			path = View;
			sourceTree = "<group>";
		};
		6187694A1D65922E0018B807 /* ViewModel */ = {
			isa = PBXGroup;
			children = (
				612F81861D6C37AC00AA829F /* HomePageViewModel.h */,
				612F81871D6C37AC00AA829F /* HomePageViewModel.m */,
			);
			path = ViewModel;
			sourceTree = "<group>";
		};
		6187694B1D65922E0018B807 /* Me */ = {
			isa = PBXGroup;
			children = (
				6187694C1D65922E0018B807 /* Controller */,
			);
			path = Me;
			sourceTree = "<group>";
		};
		6187694C1D65922E0018B807 /* Controller */ = {
			isa = PBXGroup;
			children = (
				6187695A1D6595640018B807 /* YWMeViewController.h */,
				6187695B1D6595640018B807 /* YWMeViewController.m */,
				6187695D1D6595860018B807 /* SettingViewController.h */,
				6187695E1D6595860018B807 /* SettingViewController.m */,
				61884E9F1D6A9767003371A0 /* MeSetting.storyboard */,
			);
			path = Controller;
			sourceTree = "<group>";
		};
		6187694D1D65922E0018B807 /* PublicClass */ = {
			isa = PBXGroup;
			children = (
				6187694E1D65922E0018B807 /* Controller */,
				6187694F1D65922E0018B807 /* Model */,
				618769501D65922E0018B807 /* NetManager */,
				618769511D65922E0018B807 /* View */,
				618769521D65922E0018B807 /* ViewModel */,
			);
			path = PublicClass;
			sourceTree = "<group>";
		};
		6187694E1D65922E0018B807 /* Controller */ = {
			isa = PBXGroup;
			children = (
				618769841D65A2000018B807 /* YWNavigationController.h */,
				618769851D65A2000018B807 /* YWNavigationController.m */,
				618769871D65A2300018B807 /* YWTabBarController.h */,
				618769881D65A2300018B807 /* YWTabBarController.m */,
				613AB5A41D6EE55300A43568 /* DetailViewController.h */,
				613AB5A51D6EE55300A43568 /* DetailViewController.m */,
			);
			path = Controller;
			sourceTree = "<group>";
		};
		6187694F1D65922E0018B807 /* Model */ = {
			isa = PBXGroup;
			children = (
				61884EAA1D6AF340003371A0 /* BaseModel.h */,
				61884EAB1D6AF340003371A0 /* BaseModel.m */,
			);
			path = Model;
			sourceTree = "<group>";
		};
		618769501D65922E0018B807 /* NetManager */ = {
			isa = PBXGroup;
			children = (
				61884EA11D6ADDBC003371A0 /* BaseNetManager.h */,
				61884EA21D6ADDBC003371A0 /* BaseNetManager.m */,
			);
			path = NetManager;
			sourceTree = "<group>";
		};
		618769511D65922E0018B807 /* View */ = {
			isa = PBXGroup;
			children = (
				6155A8411D6FE86500E9E5D0 /* MusicDetailCell.h */,
				6155A8421D6FE86500E9E5D0 /* MusicDetailCell.m */,
				612F818C1D6D323D00AA829F /* TitleView.h */,
				612F818D1D6D323D00AA829F /* TitleView.m */,
				61C317141D6D38BE009FBBA7 /* MoreButton.h */,
				61C317151D6D38BE009FBBA7 /* MoreButton.m */,
				617E62421D6D4BB20036FBFC /* FocusImageScrollView.h */,
				617E62431D6D4BB20036FBFC /* FocusImageScrollView.m */,
				6155A8351D6FD20000E9E5D0 /* PicView.h */,
				6155A8361D6FD20000E9E5D0 /* PicView.m */,
				6155A8381D6FD4A000E9E5D0 /* AlbumHeaderView.h */,
				6155A8391D6FD4A000E9E5D0 /* AlbumHeaderView.m */,
				6155A83B1D6FD59800E9E5D0 /* DescribleView.h */,
				6155A83C1D6FD59800E9E5D0 /* DescribleView.m */,
				6155A83E1D6FD5B000E9E5D0 /* IconNameView.h */,
				6155A83F1D6FD5B000E9E5D0 /* IconNameView.m */,
			);
			path = View;
			sourceTree = "<group>";
		};
		618769521D65922E0018B807 /* ViewModel */ = {
			isa = PBXGroup;
			children = (
				612F81891D6C381200AA829F /* BaseViewModel.h */,
				612F818A1D6C381200AA829F /* BaseViewModel.m */,
			);
			path = ViewModel;
			sourceTree = "<group>";
		};
		618769531D65922E0018B807 /* 下载听 */ = {
			isa = PBXGroup;
			children = (
				618769541D65922E0018B807 /* Controller */,
			);
			path = "下载听";
			sourceTree = "<group>";
		};
		618769541D65922E0018B807 /* Controller */ = {
			isa = PBXGroup;
			children = (
				618769691D6596A00018B807 /* YWDownloadViewController.h */,
				6187696A1D6596A00018B807 /* YWDownloadViewController.m */,
				6187696C1D6596B70018B807 /* AlbumViewController.h */,
				6187696D1D6596B70018B807 /* AlbumViewController.m */,
				6187696F1D6596C90018B807 /* DownloadViewController.h */,
				618769701D6596C90018B807 /* DownloadViewController.m */,
			);
			path = Controller;
			sourceTree = "<group>";
		};
		618769551D65922E0018B807 /* 定制听 */ = {
			isa = PBXGroup;
			children = (
				618769561D65922E0018B807 /* Controller */,
			);
			path = "定制听";
			sourceTree = "<group>";
		};
		618769561D65922E0018B807 /* Controller */ = {
			isa = PBXGroup;
			children = (
				618769661D6596700018B807 /* YWSoundViewController.h */,
				618769671D6596700018B807 /* YWSoundViewController.m */,
				618769601D6596340018B807 /* AttentionViewController.h */,
				618769611D6596340018B807 /* AttentionViewController.m */,
				618769631D65964A0018B807 /* HistoryViewController.h */,
				618769641D65964A0018B807 /* HistoryViewController.m */,
			);
			path = Controller;
			sourceTree = "<group>";
		};
		618769571D6592340018B807 /* Category */ = {
			isa = PBXGroup;
			children = (
				617E62451D6D75290036FBFC /* MBProgressHUD+YW.h */,
				617E62461D6D75290036FBFC /* MBProgressHUD+YW.m */,
			);
			path = Category;
			sourceTree = "<group>";
		};
		618769581D65923B0018B807 /* Vendor */ = {
			isa = PBXGroup;
			children = (
			);
			path = Vendor;
			sourceTree = "<group>";
		};
		61C610361D658C2B00219E61 = {
			isa = PBXGroup;
			children = (
				61C610411D658C2B00219E61 /* YWXiMaLaYa */,
				61C6105B1D658C2C00219E61 /* YWXiMaLaYaTests */,
				61C610661D658C2C00219E61 /* YWXiMaLaYaUITests */,
				61C610401D658C2B00219E61 /* Products */,
				CDB7524CC54C665A745D4655 /* Pods */,
				01CFF7DF2217846870B21554 /* Frameworks */,
			);
			sourceTree = "<group>";
		};
		61C610401D658C2B00219E61 /* Products */ = {
			isa = PBXGroup;
			children = (
				61C6103F1D658C2B00219E61 /* YWXiMaLaYa.app */,
				61C610581D658C2C00219E61 /* YWXiMaLaYaTests.xctest */,
				61C610631D658C2C00219E61 /* YWXiMaLaYaUITests.xctest */,
			);
			name = Products;
			sourceTree = "<group>";
		};
		61C610411D658C2B00219E61 /* YWXiMaLaYa */ = {
			isa = PBXGroup;
			children = (
				618769441D65922E0018B807 /* Class */,
				618769571D6592340018B807 /* Category */,
				618769581D65923B0018B807 /* Vendor */,
				61C6104E1D658C2B00219E61 /* Assets.xcassets */,
				61C610421D658C2B00219E61 /* Supporting Files */,
			);
			path = YWXiMaLaYa;
			sourceTree = "<group>";
		};
		61C610421D658C2B00219E61 /* Supporting Files */ = {
			isa = PBXGroup;
			children = (
				61C610501D658C2B00219E61 /* LaunchScreen.storyboard */,
				61C610531D658C2B00219E61 /* Info.plist */,
				61C610431D658C2B00219E61 /* main.m */,
				618769591D65926A0018B807 /* PrefixHeader.pch */,
			);
			name = "Supporting Files";
			sourceTree = "<group>";
		};
		61C6105B1D658C2C00219E61 /* YWXiMaLaYaTests */ = {
			isa = PBXGroup;
			children = (
				61C6105C1D658C2C00219E61 /* YWXiMaLaYaTests.m */,
				61C6105E1D658C2C00219E61 /* Info.plist */,
			);
			path = YWXiMaLaYaTests;
			sourceTree = "<group>";
		};
		61C610661D658C2C00219E61 /* YWXiMaLaYaUITests */ = {
			isa = PBXGroup;
			children = (
				61C610671D658C2C00219E61 /* YWXiMaLaYaUITests.m */,
				61C610691D658C2C00219E61 /* Info.plist */,
			);
			path = YWXiMaLaYaUITests;
			sourceTree = "<group>";
		};
		CDB7524CC54C665A745D4655 /* Pods */ = {
			isa = PBXGroup;
			children = (
				5B2DDE3C71135161CD5CC3E9 /* Pods-YWXiMaLaYa.debug.xcconfig */,
				184A66268665E443784E8BF8 /* Pods-YWXiMaLaYa.release.xcconfig */,
			);
			name = Pods;
			sourceTree = "<group>";
		};
/* End PBXGroup section */

/* Begin PBXNativeTarget section */
		61C6103E1D658C2B00219E61 /* YWXiMaLaYa */ = {
			isa = PBXNativeTarget;
			buildConfigurationList = 61C6106C1D658C2C00219E61 /* Build configuration list for PBXNativeTarget "YWXiMaLaYa" */;
			buildPhases = (
				386585291D0972733A4D019F /* [CP] Check Pods Manifest.lock */,
				61C6103B1D658C2B00219E61 /* Sources */,
				61C6103C1D658C2B00219E61 /* Frameworks */,
				61C6103D1D658C2B00219E61 /* Resources */,
				23ACCBA30712F93D487C08FE /* [CP] Embed Pods Frameworks */,
				6D5E8E91255266FC6515E4B2 /* [CP] Copy Pods Resources */,
			);
			buildRules = (
			);
			dependencies = (
			);
			name = YWXiMaLaYa;
			productName = YWXiMaLaYa;
			productReference = 61C6103F1D658C2B00219E61 /* YWXiMaLaYa.app */;
			productType = "com.apple.product-type.application";
		};
		61C610571D658C2C00219E61 /* YWXiMaLaYaTests */ = {
			isa = PBXNativeTarget;
			buildConfigurationList = 61C6106F1D658C2C00219E61 /* Build configuration list for PBXNativeTarget "YWXiMaLaYaTests" */;
			buildPhases = (
				61C610541D658C2C00219E61 /* Sources */,
				61C610551D658C2C00219E61 /* Frameworks */,
				61C610561D658C2C00219E61 /* Resources */,
			);
			buildRules = (
			);
			dependencies = (
				61C6105A1D658C2C00219E61 /* PBXTargetDependency */,
			);
			name = YWXiMaLaYaTests;
			productName = YWXiMaLaYaTests;
			productReference = 61C610581D658C2C00219E61 /* YWXiMaLaYaTests.xctest */;
			productType = "com.apple.product-type.bundle.unit-test";
		};
		61C610621D658C2C00219E61 /* YWXiMaLaYaUITests */ = {
			isa = PBXNativeTarget;
			buildConfigurationList = 61C610721D658C2C00219E61 /* Build configuration list for PBXNativeTarget "YWXiMaLaYaUITests" */;
			buildPhases = (
				61C6105F1D658C2C00219E61 /* Sources */,
				61C610601D658C2C00219E61 /* Frameworks */,
				61C610611D658C2C00219E61 /* Resources */,
			);
			buildRules = (
			);
			dependencies = (
				61C610651D658C2C00219E61 /* PBXTargetDependency */,
			);
			name = YWXiMaLaYaUITests;
			productName = YWXiMaLaYaUITests;
			productReference = 61C610631D658C2C00219E61 /* YWXiMaLaYaUITests.xctest */;
			productType = "com.apple.product-type.bundle.ui-testing";
		};
/* End PBXNativeTarget section */

/* Begin PBXProject section */
		61C610371D658C2B00219E61 /* Project object */ = {
			isa = PBXProject;
			attributes = {
				LastUpgradeCheck = 0730;
				ORGANIZATIONNAME = ywwill;
				TargetAttributes = {
					61C6103E1D658C2B00219E61 = {
						CreatedOnToolsVersion = 7.3.1;
					};
					61C610571D658C2C00219E61 = {
						CreatedOnToolsVersion = 7.3.1;
						TestTargetID = 61C6103E1D658C2B00219E61;
					};
					61C610621D658C2C00219E61 = {
						CreatedOnToolsVersion = 7.3.1;
						TestTargetID = 61C6103E1D658C2B00219E61;
					};
				};
			};
			buildConfigurationList = 61C6103A1D658C2B00219E61 /* Build configuration list for PBXProject "YWXiMaLaYa" */;
			compatibilityVersion = "Xcode 3.2";
			developmentRegion = English;
			hasScannedForEncodings = 0;
			knownRegions = (
				en,
				Base,
			);
			mainGroup = 61C610361D658C2B00219E61;
			productRefGroup = 61C610401D658C2B00219E61 /* Products */;
			projectDirPath = "";
			projectRoot = "";
			targets = (
				61C6103E1D658C2B00219E61 /* YWXiMaLaYa */,
				61C610571D658C2C00219E61 /* YWXiMaLaYaTests */,
				61C610621D658C2C00219E61 /* YWXiMaLaYaUITests */,
			);
		};
/* End PBXProject section */

/* Begin PBXResourcesBuildPhase section */
		61C6103D1D658C2B00219E61 /* Resources */ = {
			isa = PBXResourcesBuildPhase;
			buildActionMask = 2147483647;
			files = (
				61884EA01D6A9767003371A0 /* MeSetting.storyboard in Resources */,
				61C610521D658C2B00219E61 /* LaunchScreen.storyboard in Resources */,
				61C6104F1D658C2B00219E61 /* Assets.xcassets in Resources */,
			);
			runOnlyForDeploymentPostprocessing = 0;
		};
		61C610561D658C2C00219E61 /* Resources */ = {
			isa = PBXResourcesBuildPhase;
			buildActionMask = 2147483647;
			files = (
			);
			runOnlyForDeploymentPostprocessing = 0;
		};
		61C610611D658C2C00219E61 /* Resources */ = {
			isa = PBXResourcesBuildPhase;
			buildActionMask = 2147483647;
			files = (
			);
			runOnlyForDeploymentPostprocessing = 0;
		};
/* End PBXResourcesBuildPhase section */

/* Begin PBXShellScriptBuildPhase section */
		23ACCBA30712F93D487C08FE /* [CP] Embed Pods Frameworks */ = {
			isa = PBXShellScriptBuildPhase;
			buildActionMask = 2147483647;
			files = (
			);
			inputPaths = (
			);
			name = "[CP] Embed Pods Frameworks";
			outputPaths = (
			);
			runOnlyForDeploymentPostprocessing = 0;
			shellPath = /bin/sh;
			shellScript = "\"${SRCROOT}/Pods/Target Support Files/Pods-YWXiMaLaYa/Pods-YWXiMaLaYa-frameworks.sh\"\n";
			showEnvVarsInLog = 0;
		};
		386585291D0972733A4D019F /* [CP] Check Pods Manifest.lock */ = {
			isa = PBXShellScriptBuildPhase;
			buildActionMask = 2147483647;
			files = (
			);
			inputPaths = (
			);
			name = "[CP] Check Pods Manifest.lock";
			outputPaths = (
			);
			runOnlyForDeploymentPostprocessing = 0;
			shellPath = /bin/sh;
			shellScript = "diff \"${PODS_ROOT}/../Podfile.lock\" \"${PODS_ROOT}/Manifest.lock\" > /dev/null\nif [[ $? != 0 ]] ; then\n    cat << EOM\nerror: The sandbox is not in sync with the Podfile.lock. Run 'pod install' or update your CocoaPods installation.\nEOM\n    exit 1\nfi\n";
			showEnvVarsInLog = 0;
		};
		6D5E8E91255266FC6515E4B2 /* [CP] Copy Pods Resources */ = {
			isa = PBXShellScriptBuildPhase;
			buildActionMask = 2147483647;
			files = (
			);
			inputPaths = (
			);
			name = "[CP] Copy Pods Resources";
			outputPaths = (
			);
			runOnlyForDeploymentPostprocessing = 0;
			shellPath = /bin/sh;
			shellScript = "\"${SRCROOT}/Pods/Target Support Files/Pods-YWXiMaLaYa/Pods-YWXiMaLaYa-resources.sh\"\n";
			showEnvVarsInLog = 0;
		};
/* End PBXShellScriptBuildPhase section */

/* Begin PBXSourcesBuildPhase section */
		61C6103B1D658C2B00219E61 /* Sources */ = {
			isa = PBXSourcesBuildPhase;
			buildActionMask = 2147483647;
			files = (
				6187695C1D6595640018B807 /* YWMeViewController.m in Sources */,
				617E623E1D6D40E10036FBFC /* SpecialCell.m in Sources */,
				612F818B1D6C381200AA829F /* BaseViewModel.m in Sources */,
				617E623B1D6D40D40036FBFC /* DiscoveryCell.m in Sources */,
				618769741D65A0060018B807 /* YWFindViewController.m in Sources */,
				61C610471D658C2B00219E61 /* AppDelegate.m in Sources */,
				61884EA31D6ADDBC003371A0 /* BaseNetManager.m in Sources */,
				6187696E1D6596B70018B807 /* AlbumViewController.m in Sources */,
				617E62441D6D4BB20036FBFC /* FocusImageScrollView.m in Sources */,
				61C610441D658C2B00219E61 /* main.m in Sources */,
				612F818E1D6D323D00AA829F /* TitleView.m in Sources */,
				618769711D6596C90018B807 /* DownloadViewController.m in Sources */,
				617E62381D6D40C50036FBFC /* FindPutCell.m in Sources */,
				617E62471D6D75290036FBFC /* MBProgressHUD+YW.m in Sources */,
				61884EA91D6AE521003371A0 /* HomePageModel.m in Sources */,
				6187697D1D65A0360018B807 /* LiveViewController.m in Sources */,
				618769621D6596340018B807 /* AttentionViewController.m in Sources */,
				618769861D65A2000018B807 /* YWNavigationController.m in Sources */,
				6155A8401D6FD5B000E9E5D0 /* IconNameView.m in Sources */,
				6187696B1D6596A00018B807 /* YWDownloadViewController.m in Sources */,
				618769771D65A01B0018B807 /* HomePageViewController.m in Sources */,
				6155A83A1D6FD4A000E9E5D0 /* AlbumHeaderView.m in Sources */,
				6187697A1D65A0280018B807 /* CategoryViewController.m in Sources */,
				61C317161D6D38BE009FBBA7 /* MoreButton.m in Sources */,
				61884EAC1D6AF340003371A0 /* BaseModel.m in Sources */,
				618769831D65A0500018B807 /* AnchorViewController.m in Sources */,
				6187695F1D6595860018B807 /* SettingViewController.m in Sources */,
				6155A83D1D6FD59800E9E5D0 /* DescribleView.m in Sources */,
				617E62411D6D40FB0036FBFC /* ContentShowView.m in Sources */,
				61884EA61D6AE2BA003371A0 /* HomePageNetManager.m in Sources */,
				6155A8371D6FD20000E9E5D0 /* PicView.m in Sources */,
				612F81881D6C37AC00AA829F /* HomePageViewModel.m in Sources */,
				6155A8431D6FE86500E9E5D0 /* MusicDetailCell.m in Sources */,
				618769681D6596700018B807 /* YWSoundViewController.m in Sources */,
				613AB5A61D6EE55300A43568 /* DetailViewController.m in Sources */,
				618769651D65964A0018B807 /* HistoryViewController.m in Sources */,
				618769801D65A0430018B807 /* RankingViewController.m in Sources */,
				618769891D65A2300018B807 /* YWTabBarController.m in Sources */,
			);
			runOnlyForDeploymentPostprocessing = 0;
		};
		61C610541D658C2C00219E61 /* Sources */ = {
			isa = PBXSourcesBuildPhase;
			buildActionMask = 2147483647;
			files = (
				61C6105D1D658C2C00219E61 /* YWXiMaLaYaTests.m in Sources */,
			);
			runOnlyForDeploymentPostprocessing = 0;
		};
		61C6105F1D658C2C00219E61 /* Sources */ = {
			isa = PBXSourcesBuildPhase;
			buildActionMask = 2147483647;
			files = (
				61C610681D658C2C00219E61 /* YWXiMaLaYaUITests.m in Sources */,
			);
			runOnlyForDeploymentPostprocessing = 0;
		};
/* End PBXSourcesBuildPhase section */

/* Begin PBXTargetDependency section */
		61C6105A1D658C2C00219E61 /* PBXTargetDependency */ = {
			isa = PBXTargetDependency;
			target = 61C6103E1D658C2B00219E61 /* YWXiMaLaYa */;
			targetProxy = 61C610591D658C2C00219E61 /* PBXContainerItemProxy */;
		};
		61C610651D658C2C00219E61 /* PBXTargetDependency */ = {
			isa = PBXTargetDependency;
			target = 61C6103E1D658C2B00219E61 /* YWXiMaLaYa */;
			targetProxy = 61C610641D658C2C00219E61 /* PBXContainerItemProxy */;
		};
/* End PBXTargetDependency section */

/* Begin PBXVariantGroup section */
		61C610501D658C2B00219E61 /* LaunchScreen.storyboard */ = {
			isa = PBXVariantGroup;
			children = (
				61C610511D658C2B00219E61 /* Base */,
			);
			name = LaunchScreen.storyboard;
			sourceTree = "<group>";
		};
/* End PBXVariantGroup section */

/* Begin XCBuildConfiguration section */
		61C6106A1D658C2C00219E61 /* Debug */ = {
			isa = XCBuildConfiguration;
			buildSettings = {
				ALWAYS_SEARCH_USER_PATHS = NO;
				CLANG_ANALYZER_NONNULL = YES;
				CLANG_CXX_LANGUAGE_STANDARD = "gnu++0x";
				CLANG_CXX_LIBRARY = "libc++";
				CLANG_ENABLE_MODULES = YES;
				CLANG_ENABLE_OBJC_ARC = YES;
				CLANG_WARN_BOOL_CONVERSION = YES;
				CLANG_WARN_CONSTANT_CONVERSION = YES;
				CLANG_WARN_DIRECT_OBJC_ISA_USAGE = YES_ERROR;
				CLANG_WARN_EMPTY_BODY = YES;
				CLANG_WARN_ENUM_CONVERSION = YES;
				CLANG_WARN_INT_CONVERSION = YES;
				CLANG_WARN_OBJC_ROOT_CLASS = YES_ERROR;
				CLANG_WARN_UNREACHABLE_CODE = YES;
				CLANG_WARN__DUPLICATE_METHOD_MATCH = YES;
				"CODE_SIGN_IDENTITY[sdk=iphoneos*]" = "iPhone Developer";
				COPY_PHASE_STRIP = NO;
				DEBUG_INFORMATION_FORMAT = dwarf;
				ENABLE_STRICT_OBJC_MSGSEND = YES;
				ENABLE_TESTABILITY = YES;
				GCC_C_LANGUAGE_STANDARD = gnu99;
				GCC_DYNAMIC_NO_PIC = NO;
				GCC_NO_COMMON_BLOCKS = YES;
				GCC_OPTIMIZATION_LEVEL = 0;
				GCC_PREPROCESSOR_DEFINITIONS = (
					"DEBUG=1",
					"$(inherited)",
				);
				GCC_WARN_64_TO_32_BIT_CONVERSION = YES;
				GCC_WARN_ABOUT_RETURN_TYPE = YES_ERROR;
				GCC_WARN_UNDECLARED_SELECTOR = YES;
				GCC_WARN_UNINITIALIZED_AUTOS = YES_AGGRESSIVE;
				GCC_WARN_UNUSED_FUNCTION = YES;
				GCC_WARN_UNUSED_VARIABLE = YES;
				IPHONEOS_DEPLOYMENT_TARGET = 9.3;
				MTL_ENABLE_DEBUG_INFO = YES;
				ONLY_ACTIVE_ARCH = YES;
				SDKROOT = iphoneos;
			};
			name = Debug;
		};
		61C6106B1D658C2C00219E61 /* Release */ = {
			isa = XCBuildConfiguration;
			buildSettings = {
				ALWAYS_SEARCH_USER_PATHS = NO;
				CLANG_ANALYZER_NONNULL = YES;
				CLANG_CXX_LANGUAGE_STANDARD = "gnu++0x";
				CLANG_CXX_LIBRARY = "libc++";
				CLANG_ENABLE_MODULES = YES;
				CLANG_ENABLE_OBJC_ARC = YES;
				CLANG_WARN_BOOL_CONVERSION = YES;
				CLANG_WARN_CONSTANT_CONVERSION = YES;
				CLANG_WARN_DIRECT_OBJC_ISA_USAGE = YES_ERROR;
				CLANG_WARN_EMPTY_BODY = YES;
				CLANG_WARN_ENUM_CONVERSION = YES;
				CLANG_WARN_INT_CONVERSION = YES;
				CLANG_WARN_OBJC_ROOT_CLASS = YES_ERROR;
				CLANG_WARN_UNREACHABLE_CODE = YES;
				CLANG_WARN__DUPLICATE_METHOD_MATCH = YES;
				"CODE_SIGN_IDENTITY[sdk=iphoneos*]" = "iPhone Developer";
				COPY_PHASE_STRIP = NO;
				DEBUG_INFORMATION_FORMAT = "dwarf-with-dsym";
				ENABLE_NS_ASSERTIONS = NO;
				ENABLE_STRICT_OBJC_MSGSEND = YES;
				GCC_C_LANGUAGE_STANDARD = gnu99;
				GCC_NO_COMMON_BLOCKS = YES;
				GCC_WARN_64_TO_32_BIT_CONVERSION = YES;
				GCC_WARN_ABOUT_RETURN_TYPE = YES_ERROR;
				GCC_WARN_UNDECLARED_SELECTOR = YES;
				GCC_WARN_UNINITIALIZED_AUTOS = YES_AGGRESSIVE;
				GCC_WARN_UNUSED_FUNCTION = YES;
				GCC_WARN_UNUSED_VARIABLE = YES;
				IPHONEOS_DEPLOYMENT_TARGET = 9.3;
				MTL_ENABLE_DEBUG_INFO = NO;
				SDKROOT = iphoneos;
				VALIDATE_PRODUCT = YES;
			};
			name = Release;
		};
		61C6106D1D658C2C00219E61 /* Debug */ = {
			isa = XCBuildConfiguration;
			baseConfigurationReference = 5B2DDE3C71135161CD5CC3E9 /* Pods-YWXiMaLaYa.debug.xcconfig */;
			buildSettings = {
				ASSETCATALOG_COMPILER_APPICON_NAME = AppIcon;
				GCC_PREFIX_HEADER = /Users/CQ_YWMan/Desktop/XiMaLaYa/YWXiMaLaYa/YWXiMaLaYa/PrefixHeader.pch;
				INFOPLIST_FILE = YWXiMaLaYa/Info.plist;
				LD_RUNPATH_SEARCH_PATHS = "$(inherited) @executable_path/Frameworks";
				PRODUCT_BUNDLE_IDENTIFIER = yw.will.YWXiMaLaYa;
				PRODUCT_NAME = "$(TARGET_NAME)";
			};
			name = Debug;
		};
		61C6106E1D658C2C00219E61 /* Release */ = {
			isa = XCBuildConfiguration;
			baseConfigurationReference = 184A66268665E443784E8BF8 /* Pods-YWXiMaLaYa.release.xcconfig */;
			buildSettings = {
				ASSETCATALOG_COMPILER_APPICON_NAME = AppIcon;
				GCC_PREFIX_HEADER = /Users/CQ_YWMan/Desktop/XiMaLaYa/YWXiMaLaYa/YWXiMaLaYa/PrefixHeader.pch;
				INFOPLIST_FILE = YWXiMaLaYa/Info.plist;
				LD_RUNPATH_SEARCH_PATHS = "$(inherited) @executable_path/Frameworks";
				PRODUCT_BUNDLE_IDENTIFIER = yw.will.YWXiMaLaYa;
				PRODUCT_NAME = "$(TARGET_NAME)";
			};
			name = Release;
		};
		61C610701D658C2C00219E61 /* Debug */ = {
			isa = XCBuildConfiguration;
			buildSettings = {
				BUNDLE_LOADER = "$(TEST_HOST)";
				INFOPLIST_FILE = YWXiMaLaYaTests/Info.plist;
				LD_RUNPATH_SEARCH_PATHS = "$(inherited) @executable_path/Frameworks @loader_path/Frameworks";
				PRODUCT_BUNDLE_IDENTIFIER = yw.will.YWXiMaLaYaTests;
				PRODUCT_NAME = "$(TARGET_NAME)";
				TEST_HOST = "$(BUILT_PRODUCTS_DIR)/YWXiMaLaYa.app/YWXiMaLaYa";
			};
			name = Debug;
		};
		61C610711D658C2C00219E61 /* Release */ = {
			isa = XCBuildConfiguration;
			buildSettings = {
				BUNDLE_LOADER = "$(TEST_HOST)";
				INFOPLIST_FILE = YWXiMaLaYaTests/Info.plist;
				LD_RUNPATH_SEARCH_PATHS = "$(inherited) @executable_path/Frameworks @loader_path/Frameworks";
				PRODUCT_BUNDLE_IDENTIFIER = yw.will.YWXiMaLaYaTests;
				PRODUCT_NAME = "$(TARGET_NAME)";
				TEST_HOST = "$(BUILT_PRODUCTS_DIR)/YWXiMaLaYa.app/YWXiMaLaYa";
			};
			name = Release;
		};
		61C610731D658C2C00219E61 /* Debug */ = {
			isa = XCBuildConfiguration;
			buildSettings = {
				INFOPLIST_FILE = YWXiMaLaYaUITests/Info.plist;
				LD_RUNPATH_SEARCH_PATHS = "$(inherited) @executable_path/Frameworks @loader_path/Frameworks";
				PRODUCT_BUNDLE_IDENTIFIER = yw.will.YWXiMaLaYaUITests;
				PRODUCT_NAME = "$(TARGET_NAME)";
				TEST_TARGET_NAME = YWXiMaLaYa;
			};
			name = Debug;
		};
		61C610741D658C2C00219E61 /* Release */ = {
			isa = XCBuildConfiguration;
			buildSettings = {
				INFOPLIST_FILE = YWXiMaLaYaUITests/Info.plist;
				LD_RUNPATH_SEARCH_PATHS = "$(inherited) @executable_path/Frameworks @loader_path/Frameworks";
				PRODUCT_BUNDLE_IDENTIFIER = yw.will.YWXiMaLaYaUITests;
				PRODUCT_NAME = "$(TARGET_NAME)";
				TEST_TARGET_NAME = YWXiMaLaYa;
			};
			name = Release;
		};
/* End XCBuildConfiguration section */

/* Begin XCConfigurationList section */
		61C6103A1D658C2B00219E61 /* Build configuration list for PBXProject "YWXiMaLaYa" */ = {
			isa = XCConfigurationList;
			buildConfigurations = (
				61C6106A1D658C2C00219E61 /* Debug */,
				61C6106B1D658C2C00219E61 /* Release */,
			);
			defaultConfigurationIsVisible = 0;
			defaultConfigurationName = Release;
		};
		61C6106C1D658C2C00219E61 /* Build configuration list for PBXNativeTarget "YWXiMaLaYa" */ = {
			isa = XCConfigurationList;
			buildConfigurations = (
				61C6106D1D658C2C00219E61 /* Debug */,
				61C6106E1D658C2C00219E61 /* Release */,
			);
			defaultConfigurationIsVisible = 0;
			defaultConfigurationName = Release;
		};
		61C6106F1D658C2C00219E61 /* Build configuration list for PBXNativeTarget "YWXiMaLaYaTests" */ = {
			isa = XCConfigurationList;
			buildConfigurations = (
				61C610701D658C2C00219E61 /* Debug */,
				61C610711D658C2C00219E61 /* Release */,
			);
			defaultConfigurationIsVisible = 0;
			defaultConfigurationName = Release;
		};
		61C610721D658C2C00219E61 /* Build configuration list for PBXNativeTarget "YWXiMaLaYaUITests" */ = {
			isa = XCConfigurationList;
			buildConfigurations = (
				61C610731D658C2C00219E61 /* Debug */,
				61C610741D658C2C00219E61 /* Release */,
			);
			defaultConfigurationIsVisible = 0;
			defaultConfigurationName = Release;
		};
/* End XCConfigurationList section */
	};
	rootObject = 61C610371D658C2B00219E61 /* Project object */;
}
